
Microsoft Visual Studio Solution File, Format Version 12.00
# Visual Studio 15
VisualStudioVersion = 15.0.26124.0
MinimumVisualStudioVersion = 15.0.26124.0
Project("{FAE04EC0-301F-11D3-BF4B-00C04F79EFBC}") = "TestCommon", "..\TestCommon\TestCommon.csproj", "{C51748C2-7049-4A5E-9A20-D4E78DD4AFD9}"
EndProject
Project("{FAE04EC0-301F-11D3-BF4B-00C04F79EFBC}") = "E2", "E2\E2.csproj", "{2CFFAAB3-545C-4674-AAC4-C1BF28AE1CB9}"
EndProject
Project("{FAE04EC0-301F-11D3-BF4B-00C04F79EFBC}") = "E2.Tests", "E2.Tests\E2.Tests.csproj", "{CE522895-CAEB-44E6-8F8D-97CD39F9ED40}"
EndProject
Global
	GlobalSection(SolutionConfigurationPlatforms) = preSolution
		Debug|Any CPU = Debug|Any CPU
		Debug|x64 = Debug|x64
		Debug|x86 = Debug|x86
		Release|Any CPU = Release|Any CPU
		Release|x64 = Release|x64
		Release|x86 = Release|x86
	EndGlobalSection
	GlobalSection(SolutionProperties) = preSolution
		HideSolutionNode = FALSE
	EndGlobalSection
	GlobalSection(ProjectConfigurationPlatforms) = postSolution
		{C51748C2-7049-4A5E-9A20-D4E78DD4AFD9}.Debug|Any CPU.ActiveCfg = Debug|Any CPU
		{C51748C2-7049-4A5E-9A20-D4E78DD4AFD9}.Debug|Any CPU.Build.0 = Debug|Any CPU
		{C51748C2-7049-4A5E-9A20-D4E78DD4AFD9}.Debug|x64.ActiveCfg = Debug|Any CPU
		{C51748C2-7049-4A5E-9A20-D4E78DD4AFD9}.Debug|x64.Build.0 = Debug|Any CPU
		{C51748C2-7049-4A5E-9A20-D4E78DD4AFD9}.Debug|x86.ActiveCfg = Debug|Any CPU
		{C51748C2-7049-4A5E-9A20-D4E78DD4AFD9}.Debug|x86.Build.0 = Debug|Any CPU
		{C51748C2-7049-4A5E-9A20-D4E78DD4AFD9}.Release|Any CPU.ActiveCfg = Release|Any CPU
		{C51748C2-7049-4A5E-9A20-D4E78DD4AFD9}.Release|Any CPU.Build.0 = Release|Any CPU
		{C51748C2-7049-4A5E-9A20-D4E78DD4AFD9}.Release|x64.ActiveCfg = Release|Any CPU
		{C51748C2-7049-4A5E-9A20-D4E78DD4AFD9}.Release|x64.Build.0 = Release|Any CPU
		{C51748C2-7049-4A5E-9A20-D4E78DD4AFD9}.Release|x86.ActiveCfg = Release|Any CPU
		{C51748C2-7049-4A5E-9A20-D4E78DD4AFD9}.Release|x86.Build.0 = Release|Any CPU
		{2CFFAAB3-545C-4674-AAC4-C1BF28AE1CB9}.Debug|Any CPU.ActiveCfg = Debug|Any CPU
		{2CFFAAB3-545C-4674-AAC4-C1BF28AE1CB9}.Debug|Any CPU.Build.0 = Debug|Any CPU
		{2CFFAAB3-545C-4674-AAC4-C1BF28AE1CB9}.Debug|x64.ActiveCfg = Debug|Any CPU
		{2CFFAAB3-545C-4674-AAC4-C1BF28AE1CB9}.Debug|x64.Build.0 = Debug|Any CPU
		{2CFFAAB3-545C-4674-AAC4-C1BF28AE1CB9}.Debug|x86.ActiveCfg = Debug|Any CPU
		{2CFFAAB3-545C-4674-AAC4-C1BF28AE1CB9}.Debug|x86.Build.0 = Debug|Any CPU
		{2CFFAAB3-545C-4674-AAC4-C1BF28AE1CB9}.Release|Any CPU.ActiveCfg = Release|Any CPU
		{2CFFAAB3-545C-4674-AAC4-C1BF28AE1CB9}.Release|Any CPU.Build.0 = Release|Any CPU
		{2CFFAAB3-545C-4674-AAC4-C1BF28AE1CB9}.Release|x64.ActiveCfg = Release|Any CPU
		{2CFFAAB3-545C-4674-AAC4-C1BF28AE1CB9}.Release|x64.Build.0 = Release|Any CPU
		{2CFFAAB3-545C-4674-AAC4-C1BF28AE1CB9}.Release|x86.ActiveCfg = Release|Any CPU
		{2CFFAAB3-545C-4674-AAC4-C1BF28AE1CB9}.Release|x86.Build.0 = Release|Any CPU
		{CE522895-CAEB-44E6-8F8D-97CD39F9ED40}.Debug|Any CPU.ActiveCfg = Debug|Any CPU
		{CE522895-CAEB-44E6-8F8D-97CD39F9ED40}.Debug|Any CPU.Build.0 = Debug|Any CPU
		{CE522895-CAEB-44E6-8F8D-97CD39F9ED40}.Debug|x64.ActiveCfg = Debug|Any CPU
		{CE522895-CAEB-44E6-8F8D-97CD39F9ED40}.Debug|x64.Build.0 = Debug|Any CPU
		{CE522895-CAEB-44E6-8F8D-97CD39F9ED40}.Debug|x86.ActiveCfg = Debug|Any CPU
		{CE522895-CAEB-44E6-8F8D-97CD39F9ED40}.Debug|x86.Build.0 = Debug|Any CPU
		{CE522895-CAEB-44E6-8F8D-97CD39F9ED40}.Release|Any CPU.ActiveCfg = Release|Any CPU
		{CE522895-CAEB-44E6-8F8D-97CD39F9ED40}.Release|Any CPU.Build.0 = Release|Any CPU
		{CE522895-CAEB-44E6-8F8D-97CD39F9ED40}.Release|x64.ActiveCfg = Release|Any CPU
		{CE522895-CAEB-44E6-8F8D-97CD39F9ED40}.Release|x64.Build.0 = Release|Any CPU
		{CE522895-CAEB-44E6-8F8D-97CD39F9ED40}.Release|x86.ActiveCfg = Release|Any CPU
		{CE522895-CAEB-44E6-8F8D-97CD39F9ED40}.Release|x86.Build.0 = Release|Any CPU
	EndGlobalSection
EndGlobal
