
Microsoft Visual Studio Solution File, Format Version 12.00
# Visual Studio 15
VisualStudioVersion = 15.0.26124.0
MinimumVisualStudioVersion = 15.0.26124.0
Project("{FAE04EC0-301F-11D3-BF4B-00C04F79EFBC}") = "TestCommon", "..\TestCommon\TestCommon.csproj", "{406B996D-01E5-4777-8604-B2F4514A7C6D}"
EndProject
Project("{FAE04EC0-301F-11D3-BF4B-00C04F79EFBC}") = "A11", "A11\A11.csproj", "{AF62BA7D-9375-4BD4-ADD0-516F46724316}"
EndProject
Project("{FAE04EC0-301F-11D3-BF4B-00C04F79EFBC}") = "A11.Tests", "A11.Tests\A11.Tests.csproj", "{69642FBA-AFAE-4D5B-A3FE-55DEF85B8109}"
EndProject
Global
	GlobalSection(SolutionConfigurationPlatforms) = preSolution
		Debug|Any CPU = Debug|Any CPU
		Debug|x64 = Debug|x64
		Debug|x86 = Debug|x86
		Release|Any CPU = Release|Any CPU
		Release|x64 = Release|x64
		Release|x86 = Release|x86
	EndGlobalSection
	GlobalSection(SolutionProperties) = preSolution
		HideSolutionNode = FALSE
	EndGlobalSection
	GlobalSection(ProjectConfigurationPlatforms) = postSolution
		{406B996D-01E5-4777-8604-B2F4514A7C6D}.Debug|Any CPU.ActiveCfg = Debug|Any CPU
		{406B996D-01E5-4777-8604-B2F4514A7C6D}.Debug|Any CPU.Build.0 = Debug|Any CPU
		{406B996D-01E5-4777-8604-B2F4514A7C6D}.Debug|x64.ActiveCfg = Debug|Any CPU
		{406B996D-01E5-4777-8604-B2F4514A7C6D}.Debug|x64.Build.0 = Debug|Any CPU
		{406B996D-01E5-4777-8604-B2F4514A7C6D}.Debug|x86.ActiveCfg = Debug|Any CPU
		{406B996D-01E5-4777-8604-B2F4514A7C6D}.Debug|x86.Build.0 = Debug|Any CPU
		{406B996D-01E5-4777-8604-B2F4514A7C6D}.Release|Any CPU.ActiveCfg = Release|Any CPU
		{406B996D-01E5-4777-8604-B2F4514A7C6D}.Release|Any CPU.Build.0 = Release|Any CPU
		{406B996D-01E5-4777-8604-B2F4514A7C6D}.Release|x64.ActiveCfg = Release|Any CPU
		{406B996D-01E5-4777-8604-B2F4514A7C6D}.Release|x64.Build.0 = Release|Any CPU
		{406B996D-01E5-4777-8604-B2F4514A7C6D}.Release|x86.ActiveCfg = Release|Any CPU
		{406B996D-01E5-4777-8604-B2F4514A7C6D}.Release|x86.Build.0 = Release|Any CPU
		{AF62BA7D-9375-4BD4-ADD0-516F46724316}.Debug|Any CPU.ActiveCfg = Debug|Any CPU
		{AF62BA7D-9375-4BD4-ADD0-516F46724316}.Debug|Any CPU.Build.0 = Debug|Any CPU
		{AF62BA7D-9375-4BD4-ADD0-516F46724316}.Debug|x64.ActiveCfg = Debug|Any CPU
		{AF62BA7D-9375-4BD4-ADD0-516F46724316}.Debug|x64.Build.0 = Debug|Any CPU
		{AF62BA7D-9375-4BD4-ADD0-516F46724316}.Debug|x86.ActiveCfg = Debug|Any CPU
		{AF62BA7D-9375-4BD4-ADD0-516F46724316}.Debug|x86.Build.0 = Debug|Any CPU
		{AF62BA7D-9375-4BD4-ADD0-516F46724316}.Release|Any CPU.ActiveCfg = Release|Any CPU
		{AF62BA7D-9375-4BD4-ADD0-516F46724316}.Release|Any CPU.Build.0 = Release|Any CPU
		{AF62BA7D-9375-4BD4-ADD0-516F46724316}.Release|x64.ActiveCfg = Release|Any CPU
		{AF62BA7D-9375-4BD4-ADD0-516F46724316}.Release|x64.Build.0 = Release|Any CPU
		{AF62BA7D-9375-4BD4-ADD0-516F46724316}.Release|x86.ActiveCfg = Release|Any CPU
		{AF62BA7D-9375-4BD4-ADD0-516F46724316}.Release|x86.Build.0 = Release|Any CPU
		{69642FBA-AFAE-4D5B-A3FE-55DEF85B8109}.Debug|Any CPU.ActiveCfg = Debug|Any CPU
		{69642FBA-AFAE-4D5B-A3FE-55DEF85B8109}.Debug|Any CPU.Build.0 = Debug|Any CPU
		{69642FBA-AFAE-4D5B-A3FE-55DEF85B8109}.Debug|x64.ActiveCfg = Debug|Any CPU
		{69642FBA-AFAE-4D5B-A3FE-55DEF85B8109}.Debug|x64.Build.0 = Debug|Any CPU
		{69642FBA-AFAE-4D5B-A3FE-55DEF85B8109}.Debug|x86.ActiveCfg = Debug|Any CPU
		{69642FBA-AFAE-4D5B-A3FE-55DEF85B8109}.Debug|x86.Build.0 = Debug|Any CPU
		{69642FBA-AFAE-4D5B-A3FE-55DEF85B8109}.Release|Any CPU.ActiveCfg = Release|Any CPU
		{69642FBA-AFAE-4D5B-A3FE-55DEF85B8109}.Release|Any CPU.Build.0 = Release|Any CPU
		{69642FBA-AFAE-4D5B-A3FE-55DEF85B8109}.Release|x64.ActiveCfg = Release|Any CPU
		{69642FBA-AFAE-4D5B-A3FE-55DEF85B8109}.Release|x64.Build.0 = Release|Any CPU
		{69642FBA-AFAE-4D5B-A3FE-55DEF85B8109}.Release|x86.ActiveCfg = Release|Any CPU
		{69642FBA-AFAE-4D5B-A3FE-55DEF85B8109}.Release|x86.Build.0 = Release|Any CPU
	EndGlobalSection
EndGlobal
